// !$*UTF8*$!
{
	archiveVersion = 1;
	classes = {
	};
	objectVersion = 48;
	objects = {

/* Begin PBXBuildFile section */
		54A42F80202BE40E00522BE2 /* AppDelegate.m in Sources */ = {isa = PBXBuildFile; fileRef = 54A42F7F202BE40E00522BE2 /* AppDelegate.m */; };
		54A42F83202BE40E00522BE2 /* ViewController.m in Sources */ = {isa = PBXBuildFile; fileRef = 54A42F82202BE40E00522BE2 /* ViewController.m */; };
		54A42F86202BE40E00522BE2 /* Main.storyboard in Resources */ = {isa = PBXBuildFile; fileRef = 54A42F84202BE40E00522BE2 /* Main.storyboard */; };
		54A42F88202BE40E00522BE2 /* Assets.xcassets in Resources */ = {isa = PBXBuildFile; fileRef = 54A42F87202BE40E00522BE2 /* Assets.xcassets */; };
		54A42F8B202BE40E00522BE2 /* LaunchScreen.storyboard in Resources */ = {isa = PBXBuildFile; fileRef = 54A42F89202BE40E00522BE2 /* LaunchScreen.storyboard */; };
		54A42F8E202BE40E00522BE2 /* main.m in Sources */ = {isa = PBXBuildFile; fileRef = 54A42F8D202BE40E00522BE2 /* main.m */; };
		54A42F98202BE40F00522BE2 /* MyMinistryTests.m in Sources */ = {isa = PBXBuildFile; fileRef = 54A42F97202BE40F00522BE2 /* MyMinistryTests.m */; };
		54A42FA3202BE40F00522BE2 /* MyMinistryUITests.m in Sources */ = {isa = PBXBuildFile; fileRef = 54A42FA2202BE40F00522BE2 /* MyMinistryUITests.m */; };
/* End PBXBuildFile section */

/* Begin PBXContainerItemProxy section */
		54A42F94202BE40F00522BE2 /* PBXContainerItemProxy */ = {
			isa = PBXContainerItemProxy;
			containerPortal = 54A42F73202BE40E00522BE2 /* Project object */;
			proxyType = 1;
			remoteGlobalIDString = 54A42F7A202BE40E00522BE2;
			remoteInfo = MyMinistry;
		};
		54A42F9F202BE40F00522BE2 /* PBXContainerItemProxy */ = {
			isa = PBXContainerItemProxy;
			containerPortal = 54A42F73202BE40E00522BE2 /* Project object */;
			proxyType = 1;
			remoteGlobalIDString = 54A42F7A202BE40E00522BE2;
			remoteInfo = MyMinistry;
		};
/* End PBXContainerItemProxy section */

/* Begin PBXFileReference section */
		54A42F7B202BE40E00522BE2 /* MyMinistry.app */ = {isa = PBXFileReference; explicitFileType = wrapper.application; includeInIndex = 0; path = MyMinistry.app; sourceTree = BUILT_PRODUCTS_DIR; };
		54A42F7E202BE40E00522BE2 /* AppDelegate.h */ = {isa = PBXFileReference; lastKnownFileType = sourcecode.c.h; path = AppDelegate.h; sourceTree = "<group>"; };
		54A42F7F202BE40E00522BE2 /* AppDelegate.m */ = {isa = PBXFileReference; lastKnownFileType = sourcecode.c.objc; path = AppDelegate.m; sourceTree = "<group>"; };
		54A42F81202BE40E00522BE2 /* ViewController.h */ = {isa = PBXFileReference; lastKnownFileType = sourcecode.c.h; path = ViewController.h; sourceTree = "<group>"; };
		54A42F82202BE40E00522BE2 /* ViewController.m */ = {isa = PBXFileReference; lastKnownFileType = sourcecode.c.objc; path = ViewController.m; sourceTree = "<group>"; };
		54A42F85202BE40E00522BE2 /* Base */ = {isa = PBXFileReference; lastKnownFileType = file.storyboard; name = Base; path = Base.lproj/Main.storyboard; sourceTree = "<group>"; };
		54A42F87202BE40E00522BE2 /* Assets.xcassets */ = {isa = PBXFileReference; lastKnownFileType = folder.assetcatalog; path = Assets.xcassets; sourceTree = "<group>"; };
		54A42F8A202BE40E00522BE2 /* Base */ = {isa = PBXFileReference; lastKnownFileType = file.storyboard; name = Base; path = Base.lproj/LaunchScreen.storyboard; sourceTree = "<group>"; };
		54A42F8C202BE40E00522BE2 /* Info.plist */ = {isa = PBXFileReference; lastKnownFileType = text.plist.xml; path = Info.plist; sourceTree = "<group>"; };
		54A42F8D202BE40E00522BE2 /* main.m */ = {isa = PBXFileReference; lastKnownFileType = sourcecode.c.objc; path = main.m; sourceTree = "<group>"; };
		54A42F93202BE40F00522BE2 /* MyMinistryTests.xctest */ = {isa = PBXFileReference; explicitFileType = wrapper.cfbundle; includeInIndex = 0; path = MyMinistryTests.xctest; sourceTree = BUILT_PRODUCTS_DIR; };
		54A42F97202BE40F00522BE2 /* MyMinistryTests.m */ = {isa = PBXFileReference; lastKnownFileType = sourcecode.c.objc; path = MyMinistryTests.m; sourceTree = "<group>"; };
		54A42F99202BE40F00522BE2 /* Info.plist */ = {isa = PBXFileReference; lastKnownFileType = text.plist.xml; path = Info.plist; sourceTree = "<group>"; };
		54A42F9E202BE40F00522BE2 /* MyMinistryUITests.xctest */ = {isa = PBXFileReference; explicitFileType = wrapper.cfbundle; includeInIndex = 0; path = MyMinistryUITests.xctest; sourceTree = BUILT_PRODUCTS_DIR; };
		54A42FA2202BE40F00522BE2 /* MyMinistryUITests.m */ = {isa = PBXFileReference; lastKnownFileType = sourcecode.c.objc; path = MyMinistryUITests.m; sourceTree = "<group>"; };
		54A42FA4202BE40F00522BE2 /* Info.plist */ = {isa = PBXFileReference; lastKnownFileType = text.plist.xml; path = Info.plist; sourceTree = "<group>"; };
/* End PBXFileReference section */

/* Begin PBXFrameworksBuildPhase section */
		54A42F78202BE40E00522BE2 /* Frameworks */ = {
			isa = PBXFrameworksBuildPhase;
			buildActionMask = 2147483647;
			files = (
			);
			runOnlyForDeploymentPostprocessing = 0;
		};
		54A42F90202BE40F00522BE2 /* Frameworks */ = {
			isa = PBXFrameworksBuildPhase;
			buildActionMask = 2147483647;
			files = (
			);
			runOnlyForDeploymentPostprocessing = 0;
		};
		54A42F9B202BE40F00522BE2 /* Frameworks */ = {
			isa = PBXFrameworksBuildPhase;
			buildActionMask = 2147483647;
			files = (
			);
			runOnlyForDeploymentPostprocessing = 0;
		};
/* End PBXFrameworksBuildPhase section */

/* Begin PBXGroup section */
		54A42F72202BE40E00522BE2 = {
			isa = PBXGroup;
			children = (
				54A42F7D202BE40E00522BE2 /* MyMinistry */,
				54A42F96202BE40F00522BE2 /* MyMinistryTests */,
				54A42FA1202BE40F00522BE2 /* MyMinistryUITests */,
				54A42F7C202BE40E00522BE2 /* Products */,
			);
			sourceTree = "<group>";
		};
		54A42F7C202BE40E00522BE2 /* Products */ = {
			isa = PBXGroup;
			children = (
				54A42F7B202BE40E00522BE2 /* MyMinistry.app */,
				54A42F93202BE40F00522BE2 /* MyMinistryTests.xctest */,
				54A42F9E202BE40F00522BE2 /* MyMinistryUITests.xctest */,
			);
			name = Products;
			sourceTree = "<group>";
		};
		54A42F7D202BE40E00522BE2 /* MyMinistry */ = {
			isa = PBXGroup;
			children = (
				54A42F7E202BE40E00522BE2 /* AppDelegate.h */,
				54A42F7F202BE40E00522BE2 /* AppDelegate.m */,
				54A42F81202BE40E00522BE2 /* ViewController.h */,
				54A42F82202BE40E00522BE2 /* ViewController.m */,
				54A42F84202BE40E00522BE2 /* Main.storyboard */,
				54A42F87202BE40E00522BE2 /* Assets.xcassets */,
				54A42F89202BE40E00522BE2 /* LaunchScreen.storyboard */,
				54A42F8C202BE40E00522BE2 /* Info.plist */,
				54A42F8D202BE40E00522BE2 /* main.m */,
			);
			path = MyMinistry;
			sourceTree = "<group>";
		};
		54A42F96202BE40F00522BE2 /* MyMinistryTests */ = {
			isa = PBXGroup;
			children = (
				54A42F97202BE40F00522BE2 /* MyMinistryTests.m */,
				54A42F99202BE40F00522BE2 /* Info.plist */,
			);
			path = MyMinistryTests;
			sourceTree = "<group>";
		};
		54A42FA1202BE40F00522BE2 /* MyMinistryUITests */ = {
			isa = PBXGroup;
			children = (
				54A42FA2202BE40F00522BE2 /* MyMinistryUITests.m */,
				54A42FA4202BE40F00522BE2 /* Info.plist */,
			);
			path = MyMinistryUITests;
			sourceTree = "<group>";
		};
/* End PBXGroup section */

/* Begin PBXNativeTarget section */
		54A42F7A202BE40E00522BE2 /* MyMinistry */ = {
			isa = PBXNativeTarget;
			buildConfigurationList = 54A42FA7202BE40F00522BE2 /* Build configuration list for PBXNativeTarget "MyMinistry" */;
			buildPhases = (
				54A42F77202BE40E00522BE2 /* Sources */,
				54A42F78202BE40E00522BE2 /* Frameworks */,
				54A42F79202BE40E00522BE2 /* Resources */,
			);
			buildRules = (
			);
			dependencies = (
			);
			name = MyMinistry;
			productName = MyMinistry;
			productReference = 54A42F7B202BE40E00522BE2 /* MyMinistry.app */;
			productType = "com.apple.product-type.application";
		};
		54A42F92202BE40F00522BE2 /* MyMinistryTests */ = {
			isa = PBXNativeTarget;
			buildConfigurationList = 54A42FAA202BE40F00522BE2 /* Build configuration list for PBXNativeTarget "MyMinistryTests" */;
			buildPhases = (
				54A42F8F202BE40F00522BE2 /* Sources */,
				54A42F90202BE40F00522BE2 /* Frameworks */,
				54A42F91202BE40F00522BE2 /* Resources */,
			);
			buildRules = (
			);
			dependencies = (
				54A42F95202BE40F00522BE2 /* PBXTargetDependency */,
			);
			name = MyMinistryTests;
			productName = MyMinistryTests;
			productReference = 54A42F93202BE40F00522BE2 /* MyMinistryTests.xctest */;
			productType = "com.apple.product-type.bundle.unit-test";
		};
		54A42F9D202BE40F00522BE2 /* MyMinistryUITests */ = {
			isa = PBXNativeTarget;
			buildConfigurationList = 54A42FAD202BE40F00522BE2 /* Build configuration list for PBXNativeTarget "MyMinistryUITests" */;
			buildPhases = (
				54A42F9A202BE40F00522BE2 /* Sources */,
				54A42F9B202BE40F00522BE2 /* Frameworks */,
				54A42F9C202BE40F00522BE2 /* Resources */,
			);
			buildRules = (
			);
			dependencies = (
				54A42FA0202BE40F00522BE2 /* PBXTargetDependency */,
			);
			name = MyMinistryUITests;
			productName = MyMinistryUITests;
			productReference = 54A42F9E202BE40F00522BE2 /* MyMinistryUITests.xctest */;
			productType = "com.apple.product-type.bundle.ui-testing";
		};
/* End PBXNativeTarget section */

/* Begin PBXProject section */
		54A42F73202BE40E00522BE2 /* Project object */ = {
			isa = PBXProject;
			attributes = {
				LastUpgradeCheck = 0920;
				ORGANIZATIONNAME = KojiGames;
				TargetAttributes = {
					54A42F7A202BE40E00522BE2 = {
						CreatedOnToolsVersion = 9.2;
						ProvisioningStyle = Automatic;
					};
					54A42F92202BE40F00522BE2 = {
						CreatedOnToolsVersion = 9.2;
						ProvisioningStyle = Automatic;
						TestTargetID = 54A42F7A202BE40E00522BE2;
					};
					54A42F9D202BE40F00522BE2 = {
						CreatedOnToolsVersion = 9.2;
						ProvisioningStyle = Automatic;
						TestTargetID = 54A42F7A202BE40E00522BE2;
					};
				};
			};
			buildConfigurationList = 54A42F76202BE40E00522BE2 /* Build configuration list for PBXProject "MyMinistry" */;
			compatibilityVersion = "Xcode 8.0";
			developmentRegion = en;
			hasScannedForEncodings = 0;
			knownRegions = (
				en,
				Base,
			);
			mainGroup = 54A42F72202BE40E00522BE2;
			productRefGroup = 54A42F7C202BE40E00522BE2 /* Products */;
			projectDirPath = "";
			projectRoot = "";
			targets = (
				54A42F7A202BE40E00522BE2 /* MyMinistry */,
				54A42F92202BE40F00522BE2 /* MyMinistryTests */,
				54A42F9D202BE40F00522BE2 /* MyMinistryUITests */,
			);
		};
/* End PBXProject section */

/* Begin PBXResourcesBuildPhase section */
		54A42F79202BE40E00522BE2 /* Resources */ = {
			isa = PBXResourcesBuildPhase;
			buildActionMask = 2147483647;
			files = (
				54A42F8B202BE40E00522BE2 /* LaunchScreen.storyboard in Resources */,
				54A42F88202BE40E00522BE2 /* Assets.xcassets in Resources */,
				54A42F86202BE40E00522BE2 /* Main.storyboard in Resources */,
			);
			runOnlyForDeploymentPostprocessing = 0;
		};
		54A42F91202BE40F00522BE2 /* Resources */ = {
			isa = PBXResourcesBuildPhase;
			buildActionMask = 2147483647;
			files = (
			);
			runOnlyForDeploymentPostprocessing = 0;
		};
		54A42F9C202BE40F00522BE2 /* Resources */ = {
			isa = PBXResourcesBuildPhase;
			buildActionMask = 2147483647;
			files = (
			);
			runOnlyForDeploymentPostprocessing = 0;
		};
/* End PBXResourcesBuildPhase section */

/* Begin PBXSourcesBuildPhase section */
		54A42F77202BE40E00522BE2 /* Sources */ = {
			isa = PBXSourcesBuildPhase;
			buildActionMask = 2147483647;
			files = (
				54A42F83202BE40E00522BE2 /* ViewController.m in Sources */,
				54A42F8E202BE40E00522BE2 /* main.m in Sources */,
				54A42F80202BE40E00522BE2 /* AppDelegate.m in Sources */,
			);
			runOnlyForDeploymentPostprocessing = 0;
		};
		54A42F8F202BE40F00522BE2 /* Sources */ = {
			isa = PBXSourcesBuildPhase;
			buildActionMask = 2147483647;
			files = (
				54A42F98202BE40F00522BE2 /* MyMinistryTests.m in Sources */,
			);
			runOnlyForDeploymentPostprocessing = 0;
		};
		54A42F9A202BE40F00522BE2 /* Sources */ = {
			isa = PBXSourcesBuildPhase;
			buildActionMask = 2147483647;
			files = (
				54A42FA3202BE40F00522BE2 /* MyMinistryUITests.m in Sources */,
			);
			runOnlyForDeploymentPostprocessing = 0;
		};
/* End PBXSourcesBuildPhase section */

/* Begin PBXTargetDependency section */
		54A42F95202BE40F00522BE2 /* PBXTargetDependency */ = {
			isa = PBXTargetDependency;
			target = 54A42F7A202BE40E00522BE2 /* MyMinistry */;
			targetProxy = 54A42F94202BE40F00522BE2 /* PBXContainerItemProxy */;
		};
		54A42FA0202BE40F00522BE2 /* PBXTargetDependency */ = {
			isa = PBXTargetDependency;
			target = 54A42F7A202BE40E00522BE2 /* MyMinistry */;
			targetProxy = 54A42F9F202BE40F00522BE2 /* PBXContainerItemProxy */;
		};
/* End PBXTargetDependency section */

/* Begin PBXVariantGroup section */
		54A42F84202BE40E00522BE2 /* Main.storyboard */ = {
			isa = PBXVariantGroup;
			children = (
				54A42F85202BE40E00522BE2 /* Base */,
			);
			name = Main.storyboard;
			sourceTree = "<group>";
		};
		54A42F89202BE40E00522BE2 /* LaunchScreen.storyboard */ = {
			isa = PBXVariantGroup;
			children = (
				54A42F8A202BE40E00522BE2 /* Base */,
			);
			name = LaunchScreen.storyboard;
			sourceTree = "<group>";
		};
/* End PBXVariantGroup section */

/* Begin XCBuildConfiguration section */
		54A42FA5202BE40F00522BE2 /* Debug */ = {
			isa = XCBuildConfiguration;
			buildSettings = {
				ALWAYS_SEARCH_USER_PATHS = NO;
				CLANG_ANALYZER_NONNULL = YES;
				CLANG_ANALYZER_NUMBER_OBJECT_CONVERSION = YES_AGGRESSIVE;
				CLANG_CXX_LANGUAGE_STANDARD = "gnu++14";
				CLANG_CXX_LIBRARY = "libc++";
				CLANG_ENABLE_MODULES = YES;
				CLANG_ENABLE_OBJC_ARC = YES;
				CLANG_WARN_BLOCK_CAPTURE_AUTORELEASING = YES;
				CLANG_WARN_BOOL_CONVERSION = YES;
				CLANG_WARN_COMMA = YES;
				CLANG_WARN_CONSTANT_CONVERSION = YES;
				CLANG_WARN_DIRECT_OBJC_ISA_USAGE = YES_ERROR;
				CLANG_WARN_DOCUMENTATION_COMMENTS = YES;
				CLANG_WARN_EMPTY_BODY = YES;
				CLANG_WARN_ENUM_CONVERSION = YES;
				CLANG_WARN_INFINITE_RECURSION = YES;
				CLANG_WARN_INT_CONVERSION = YES;
				CLANG_WARN_NON_LITERAL_NULL_CONVERSION = YES;
				CLANG_WARN_OBJC_LITERAL_CONVERSION = YES;
				CLANG_WARN_OBJC_ROOT_CLASS = YES_ERROR;
				CLANG_WARN_RANGE_LOOP_ANALYSIS = YES;
				CLANG_WARN_STRICT_PROTOTYPES = YES;
				CLANG_WARN_SUSPICIOUS_MOVE = YES;
				CLANG_WARN_UNGUARDED_AVAILABILITY = YES_AGGRESSIVE;
				CLANG_WARN_UNREACHABLE_CODE = YES;
				CLANG_WARN__DUPLICATE_METHOD_MATCH = YES;
				CODE_SIGN_IDENTITY = "iPhone Developer";
				COPY_PHASE_STRIP = NO;
				DEBUG_INFORMATION_FORMAT = dwarf;
				ENABLE_STRICT_OBJC_MSGSEND = YES;
				ENABLE_TESTABILITY = YES;
				GCC_C_LANGUAGE_STANDARD = gnu11;
				GCC_DYNAMIC_NO_PIC = NO;
				GCC_NO_COMMON_BLOCKS = YES;
				GCC_OPTIMIZATION_LEVEL = 0;
				GCC_PREPROCESSOR_DEFINITIONS = (
					"DEBUG=1",
					"$(inherited)",
				);
				GCC_WARN_64_TO_32_BIT_CONVERSION = YES;
				GCC_WARN_ABOUT_RETURN_TYPE = YES_ERROR;
				GCC_WARN_UNDECLARED_SELECTOR = YES;
				GCC_WARN_UNINITIALIZED_AUTOS = YES_AGGRESSIVE;
				GCC_WARN_UNUSED_FUNCTION = YES;
				GCC_WARN_UNUSED_VARIABLE = YES;
				IPHONEOS_DEPLOYMENT_TARGET = 11.2;
				MTL_ENABLE_DEBUG_INFO = YES;
				ONLY_ACTIVE_ARCH = YES;
				SDKROOT = iphoneos;
			};
			name = Debug;
		};
		54A42FA6202BE40F00522BE2 /* Release */ = {
			isa = XCBuildConfiguration;
			buildSettings = {
				ALWAYS_SEARCH_USER_PATHS = NO;
				CLANG_ANALYZER_NONNULL = YES;
				CLANG_ANALYZER_NUMBER_OBJECT_CONVERSION = YES_AGGRESSIVE;
				CLANG_CXX_LANGUAGE_STANDARD = "gnu++14";
				CLANG_CXX_LIBRARY = "libc++";
				CLANG_ENABLE_MODULES = YES;
				CLANG_ENABLE_OBJC_ARC = YES;
				CLANG_WARN_BLOCK_CAPTURE_AUTORELEASING = YES;
				CLANG_WARN_BOOL_CONVERSION = YES;
				CLANG_WARN_COMMA = YES;
				CLANG_WARN_CONSTANT_CONVERSION = YES;
				CLANG_WARN_DIRECT_OBJC_ISA_USAGE = YES_ERROR;
				CLANG_WARN_DOCUMENTATION_COMMENTS = YES;
				CLANG_WARN_EMPTY_BODY = YES;
				CLANG_WARN_ENUM_CONVERSION = YES;
				CLANG_WARN_INFINITE_RECURSION = YES;
				CLANG_WARN_INT_CONVERSION = YES;
				CLANG_WARN_NON_LITERAL_NULL_CONVERSION = YES;
				CLANG_WARN_OBJC_LITERAL_CONVERSION = YES;
				CLANG_WARN_OBJC_ROOT_CLASS = YES_ERROR;
				CLANG_WARN_RANGE_LOOP_ANALYSIS = YES;
				CLANG_WARN_STRICT_PROTOTYPES = YES;
				CLANG_WARN_SUSPICIOUS_MOVE = YES;
				CLANG_WARN_UNGUARDED_AVAILABILITY = YES_AGGRESSIVE;
				CLANG_WARN_UNREACHABLE_CODE = YES;
				CLANG_WARN__DUPLICATE_METHOD_MATCH = YES;
				CODE_SIGN_IDENTITY = "iPhone Developer";
				COPY_PHASE_STRIP = NO;
				DEBUG_INFORMATION_FORMAT = "dwarf-with-dsym";
				ENABLE_NS_ASSERTIONS = NO;
				ENABLE_STRICT_OBJC_MSGSEND = YES;
				GCC_C_LANGUAGE_STANDARD = gnu11;
				GCC_NO_COMMON_BLOCKS = YES;
				GCC_WARN_64_TO_32_BIT_CONVERSION = YES;
				GCC_WARN_ABOUT_RETURN_TYPE = YES_ERROR;
				GCC_WARN_UNDECLARED_SELECTOR = YES;
				GCC_WARN_UNINITIALIZED_AUTOS = YES_AGGRESSIVE;
				GCC_WARN_UNUSED_FUNCTION = YES;
				GCC_WARN_UNUSED_VARIABLE = YES;
				IPHONEOS_DEPLOYMENT_TARGET = 11.2;
				MTL_ENABLE_DEBUG_INFO = NO;
				SDKROOT = iphoneos;
				VALIDATE_PRODUCT = YES;
			};
			name = Release;
		};
		54A42FA8202BE40F00522BE2 /* Debug */ = {
			isa = XCBuildConfiguration;
			buildSettings = {
				ASSETCATALOG_COMPILER_APPICON_NAME = AppIcon;
				CODE_SIGN_STYLE = Automatic;
				DEVELOPMENT_TEAM = 297NB3T49D;
				INFOPLIST_FILE = MyMinistry/Info.plist;
				LD_RUNPATH_SEARCH_PATHS = "$(inherited) @executable_path/Frameworks";
				PRODUCT_BUNDLE_IDENTIFIER = KojiGames.MyMinistry;
				PRODUCT_NAME = "$(TARGET_NAME)";
				TARGETED_DEVICE_FAMILY = "1,2";
			};
			name = Debug;
		};
		54A42FA9202BE40F00522BE2 /* Release */ = {
			isa = XCBuildConfiguration;
			buildSettings = {
				ASSETCATALOG_COMPILER_APPICON_NAME = AppIcon;
				CODE_SIGN_STYLE = Automatic;
				DEVELOPMENT_TEAM = 297NB3T49D;
				INFOPLIST_FILE = MyMinistry/Info.plist;
				LD_RUNPATH_SEARCH_PATHS = "$(inherited) @executable_path/Frameworks";
				PRODUCT_BUNDLE_IDENTIFIER = KojiGames.MyMinistry;
				PRODUCT_NAME = "$(TARGET_NAME)";
				TARGETED_DEVICE_FAMILY = "1,2";
			};
			name = Release;
		};
		54A42FAB202BE40F00522BE2 /* Debug */ = {
			isa = XCBuildConfiguration;
			buildSettings = {
				BUNDLE_LOADER = "$(TEST_HOST)";
				CODE_SIGN_STYLE = Automatic;
				DEVELOPMENT_TEAM = 297NB3T49D;
				INFOPLIST_FILE = MyMinistryTests/Info.plist;
				LD_RUNPATH_SEARCH_PATHS = "$(inherited) @executable_path/Frameworks @loader_path/Frameworks";
				PRODUCT_BUNDLE_IDENTIFIER = KojiGames.MyMinistryTests;
				PRODUCT_NAME = "$(TARGET_NAME)";
				TARGETED_DEVICE_FAMILY = "1,2";
				TEST_HOST = "$(BUILT_PRODUCTS_DIR)/MyMinistry.app/MyMinistry";
			};
			name = Debug;
		};
		54A42FAC202BE40F00522BE2 /* Release */ = {
			isa = XCBuildConfiguration;
			buildSettings = {
				BUNDLE_LOADER = "$(TEST_HOST)";
				CODE_SIGN_STYLE = Automatic;
				DEVELOPMENT_TEAM = 297NB3T49D;
				INFOPLIST_FILE = MyMinistryTests/Info.plist;
				LD_RUNPATH_SEARCH_PATHS = "$(inherited) @executable_path/Frameworks @loader_path/Frameworks";
				PRODUCT_BUNDLE_IDENTIFIER = KojiGames.MyMinistryTests;
				PRODUCT_NAME = "$(TARGET_NAME)";
				TARGETED_DEVICE_FAMILY = "1,2";
				TEST_HOST = "$(BUILT_PRODUCTS_DIR)/MyMinistry.app/MyMinistry";
			};
			name = Release;
		};
		54A42FAE202BE40F00522BE2 /* Debug */ = {
			isa = XCBuildConfiguration;
			buildSettings = {
				CODE_SIGN_STYLE = Automatic;
				DEVELOPMENT_TEAM = 297NB3T49D;
				INFOPLIST_FILE = MyMinistryUITests/Info.plist;
				LD_RUNPATH_SEARCH_PATHS = "$(inherited) @executable_path/Frameworks @loader_path/Frameworks";
				PRODUCT_BUNDLE_IDENTIFIER = KojiGames.MyMinistryUITests;
				PRODUCT_NAME = "$(TARGET_NAME)";
				TARGETED_DEVICE_FAMILY = "1,2";
				TEST_TARGET_NAME = MyMinistry;
			};
			name = Debug;
		};
		54A42FAF202BE40F00522BE2 /* Release */ = {
			isa = XCBuildConfiguration;
			buildSettings = {
				CODE_SIGN_STYLE = Automatic;
				DEVELOPMENT_TEAM = 297NB3T49D;
				INFOPLIST_FILE = MyMinistryUITests/Info.plist;
				LD_RUNPATH_SEARCH_PATHS = "$(inherited) @executable_path/Frameworks @loader_path/Frameworks";
				PRODUCT_BUNDLE_IDENTIFIER = KojiGames.MyMinistryUITests;
				PRODUCT_NAME = "$(TARGET_NAME)";
				TARGETED_DEVICE_FAMILY = "1,2";
				TEST_TARGET_NAME = MyMinistry;
			};
			name = Release;
		};
/* End XCBuildConfiguration section */

/* Begin XCConfigurationList section */
		54A42F76202BE40E00522BE2 /* Build configuration list for PBXProject "MyMinistry" */ = {
			isa = XCConfigurationList;
			buildConfigurations = (
				54A42FA5202BE40F00522BE2 /* Debug */,
				54A42FA6202BE40F00522BE2 /* Release */,
			);
			defaultConfigurationIsVisible = 0;
			defaultConfigurationName = Release;
		};
		54A42FA7202BE40F00522BE2 /* Build configuration list for PBXNativeTarget "MyMinistry" */ = {
			isa = XCConfigurationList;
			buildConfigurations = (
				54A42FA8202BE40F00522BE2 /* Debug */,
				54A42FA9202BE40F00522BE2 /* Release */,
			);
			defaultConfigurationIsVisible = 0;
			defaultConfigurationName = Release;
		};
		54A42FAA202BE40F00522BE2 /* Build configuration list for PBXNativeTarget "MyMinistryTests" */ = {
			isa = XCConfigurationList;
			buildConfigurations = (
				54A42FAB202BE40F00522BE2 /* Debug */,
				54A42FAC202BE40F00522BE2 /* Release */,
			);
			defaultConfigurationIsVisible = 0;
			defaultConfigurationName = Release;
		};
		54A42FAD202BE40F00522BE2 /* Build configuration list for PBXNativeTarget "MyMinistryUITests" */ = {
			isa = XCConfigurationList;
			buildConfigurations = (
				54A42FAE202BE40F00522BE2 /* Debug */,
				54A42FAF202BE40F00522BE2 /* Release */,
			);
			defaultConfigurationIsVisible = 0;
			defaultConfigurationName = Release;
		};
/* End XCConfigurationList section */
	};
	rootObject = 54A42F73202BE40E00522BE2 /* Project object */;
}
